
Microsoft Visual Studio Solution File, Format Version 12.00
# Visual Studio Version 16
VisualStudioVersion = 16.0.30309.148
MinimumVisualStudioVersion = 10.0.40219.1
Project("{8BC9CEB8-8B4A-11D0-8D11-00A0C91BC942}") = "Electrum_HD_rewrite_C++", "Electrum_HD_rewrite_C++\Electrum_HD_rewrite_C++.vcxproj", "{D2264E20-A2A0-4E71-98D4-6F897F0503F2}"
EndProject
Global
	GlobalSection(SolutionConfigurationPlatforms) = preSolution
		Debug|x64 = Debug|x64
		Release|x64 = Release|x64
	EndGlobalSection
	GlobalSection(ProjectConfigurationPlatforms) = postSolution
		{D2264E20-A2A0-4E71-98D4-6F897F0503F2}.Debug|x64.ActiveCfg = Debug|x64
		{D2264E20-A2A0-4E71-98D4-6F897F0503F2}.Debug|x64.Build.0 = Debug|x64
		{D2264E20-A2A0-4E71-98D4-6F897F0503F2}.Release|x64.ActiveCfg = Release|x64
		{D2264E20-A2A0-4E71-98D4-6F897F0503F2}.Release|x64.Build.0 = Release|x64
	EndGlobalSection
	GlobalSection(SolutionProperties) = preSolution
		HideSolutionNode = FALSE
	EndGlobalSection
	GlobalSection(ExtensibilityGlobals) = postSolution
		SolutionGuid = {D753CE12-4D5B-4EA9-9B4F-ACACCB2A7AC7}
	EndGlobalSection
EndGlobal
